// !$*UTF8*$!
{
	archiveVersion = 1;
	classes = {
	};
	objectVersion = 50;
	objects = {

/* Begin PBXBuildFile section */
		EDC8DA1826526CDD0017EFA6 /* MinuteStickView.swift in Sources */ = {isa = PBXBuildFile; fileRef = EDC8DA1726526CDD0017EFA6 /* MinuteStickView.swift */; };
		EDC8DA1B26526D8E0017EFA6 /* SecondStickView.swift in Sources */ = {isa = PBXBuildFile; fileRef = EDC8DA1A26526D8E0017EFA6 /* SecondStickView.swift */; };
		EDC8DA1E265270220017EFA6 /* InsideCircle.swift in Sources */ = {isa = PBXBuildFile; fileRef = EDC8DA1D265270220017EFA6 /* InsideCircle.swift */; };
		EDDF992D26512D45007D2E0F /* Analogic_ClockApp.swift in Sources */ = {isa = PBXBuildFile; fileRef = EDDF992C26512D45007D2E0F /* Analogic_ClockApp.swift */; };
		EDDF992F26512D45007D2E0F /* ContentView.swift in Sources */ = {isa = PBXBuildFile; fileRef = EDDF992E26512D45007D2E0F /* ContentView.swift */; };
		EDDF993126512D47007D2E0F /* Assets.xcassets in Resources */ = {isa = PBXBuildFile; fileRef = EDDF993026512D47007D2E0F /* Assets.xcassets */; };
		EDDF993426512D47007D2E0F /* Preview Assets.xcassets in Resources */ = {isa = PBXBuildFile; fileRef = EDDF993326512D47007D2E0F /* Preview Assets.xcassets */; };
		EDDF993D26514E9F007D2E0F /* HourStickView.swift in Sources */ = {isa = PBXBuildFile; fileRef = EDDF993C26514E9F007D2E0F /* HourStickView.swift */; };
/* End PBXBuildFile section */

/* Begin PBXFileReference section */
		EDC8DA1726526CDD0017EFA6 /* MinuteStickView.swift */ = {isa = PBXFileReference; lastKnownFileType = sourcecode.swift; path = MinuteStickView.swift; sourceTree = "<group>"; };
		EDC8DA1A26526D8E0017EFA6 /* SecondStickView.swift */ = {isa = PBXFileReference; lastKnownFileType = sourcecode.swift; path = SecondStickView.swift; sourceTree = "<group>"; };
		EDC8DA1D265270220017EFA6 /* InsideCircle.swift */ = {isa = PBXFileReference; lastKnownFileType = sourcecode.swift; path = InsideCircle.swift; sourceTree = "<group>"; };
		EDDF992926512D45007D2E0F /* Analogic Clock.app */ = {isa = PBXFileReference; explicitFileType = wrapper.application; includeInIndex = 0; path = "Analogic Clock.app"; sourceTree = BUILT_PRODUCTS_DIR; };
		EDDF992C26512D45007D2E0F /* Analogic_ClockApp.swift */ = {isa = PBXFileReference; lastKnownFileType = sourcecode.swift; path = Analogic_ClockApp.swift; sourceTree = "<group>"; };
		EDDF992E26512D45007D2E0F /* ContentView.swift */ = {isa = PBXFileReference; lastKnownFileType = sourcecode.swift; path = ContentView.swift; sourceTree = "<group>"; };
		EDDF993026512D47007D2E0F /* Assets.xcassets */ = {isa = PBXFileReference; lastKnownFileType = folder.assetcatalog; path = Assets.xcassets; sourceTree = "<group>"; };
		EDDF993326512D47007D2E0F /* Preview Assets.xcassets */ = {isa = PBXFileReference; lastKnownFileType = folder.assetcatalog; path = "Preview Assets.xcassets"; sourceTree = "<group>"; };
		EDDF993526512D47007D2E0F /* Info.plist */ = {isa = PBXFileReference; lastKnownFileType = text.plist.xml; path = Info.plist; sourceTree = "<group>"; };
		EDDF993C26514E9F007D2E0F /* HourStickView.swift */ = {isa = PBXFileReference; lastKnownFileType = sourcecode.swift; path = HourStickView.swift; sourceTree = "<group>"; };
/* End PBXFileReference section */

/* Begin PBXFrameworksBuildPhase section */
		EDDF992626512D45007D2E0F /* Frameworks */ = {
			isa = PBXFrameworksBuildPhase;
			buildActionMask = 2147483647;
			files = (
			);
			runOnlyForDeploymentPostprocessing = 0;
		};
/* End PBXFrameworksBuildPhase section */

/* Begin PBXGroup section */
		EDDF992026512D45007D2E0F = {
			isa = PBXGroup;
			children = (
				EDDF992B26512D45007D2E0F /* Analogic Clock */,
				EDDF992A26512D45007D2E0F /* Products */,
			);
			sourceTree = "<group>";
		};
		EDDF992A26512D45007D2E0F /* Products */ = {
			isa = PBXGroup;
			children = (
				EDDF992926512D45007D2E0F /* Analogic Clock.app */,
			);
			name = Products;
			sourceTree = "<group>";
		};
		EDDF992B26512D45007D2E0F /* Analogic Clock */ = {
			isa = PBXGroup;
			children = (
				EDDF992C26512D45007D2E0F /* Analogic_ClockApp.swift */,
				EDDF992E26512D45007D2E0F /* ContentView.swift */,
				EDDF993C26514E9F007D2E0F /* HourStickView.swift */,
				EDC8DA1726526CDD0017EFA6 /* MinuteStickView.swift */,
				EDC8DA1A26526D8E0017EFA6 /* SecondStickView.swift */,
				EDC8DA1D265270220017EFA6 /* InsideCircle.swift */,
				EDDF993026512D47007D2E0F /* Assets.xcassets */,
				EDDF993526512D47007D2E0F /* Info.plist */,
				EDDF993226512D47007D2E0F /* Preview Content */,
			);
			path = "Analogic Clock";
			sourceTree = "<group>";
		};
		EDDF993226512D47007D2E0F /* Preview Content */ = {
			isa = PBXGroup;
			children = (
				EDDF993326512D47007D2E0F /* Preview Assets.xcassets */,
			);
			path = "Preview Content";
			sourceTree = "<group>";
		};
/* End PBXGroup section */

/* Begin PBXNativeTarget section */
		EDDF992826512D45007D2E0F /* Analogic Clock */ = {
			isa = PBXNativeTarget;
			buildConfigurationList = EDDF993826512D47007D2E0F /* Build configuration list for PBXNativeTarget "Analogic Clock" */;
			buildPhases = (
				EDDF992526512D45007D2E0F /* Sources */,
				EDDF992626512D45007D2E0F /* Frameworks */,
				EDDF992726512D45007D2E0F /* Resources */,
			);
			buildRules = (
			);
			dependencies = (
			);
			name = "Analogic Clock";
			productName = "Analogic Clock";
			productReference = EDDF992926512D45007D2E0F /* Analogic Clock.app */;
			productType = "com.apple.product-type.application";
		};
/* End PBXNativeTarget section */

/* Begin PBXProject section */
		EDDF992126512D45007D2E0F /* Project object */ = {
			isa = PBXProject;
			attributes = {
				LastSwiftUpdateCheck = 1220;
				LastUpgradeCheck = 1220;
				TargetAttributes = {
					EDDF992826512D45007D2E0F = {
						CreatedOnToolsVersion = 12.2;
					};
				};
			};
			buildConfigurationList = EDDF992426512D45007D2E0F /* Build configuration list for PBXProject "Analogic Clock" */;
			compatibilityVersion = "Xcode 9.3";
			developmentRegion = en;
			hasScannedForEncodings = 0;
			knownRegions = (
				en,
				Base,
			);
			mainGroup = EDDF992026512D45007D2E0F;
			productRefGroup = EDDF992A26512D45007D2E0F /* Products */;
			projectDirPath = "";
			projectRoot = "";
			targets = (
				EDDF992826512D45007D2E0F /* Analogic Clock */,
			);
		};
/* End PBXProject section */

/* Begin PBXResourcesBuildPhase section */
		EDDF992726512D45007D2E0F /* Resources */ = {
			isa = PBXResourcesBuildPhase;
			buildActionMask = 2147483647;
			files = (
				EDDF993426512D47007D2E0F /* Preview Assets.xcassets in Resources */,
				EDDF993126512D47007D2E0F /* Assets.xcassets in Resources */,
			);
			runOnlyForDeploymentPostprocessing = 0;
		};
/* End PBXResourcesBuildPhase section */

/* Begin PBXSourcesBuildPhase section */
		EDDF992526512D45007D2E0F /* Sources */ = {
			isa = PBXSourcesBuildPhase;
			buildActionMask = 2147483647;
			files = (
				EDDF992F26512D45007D2E0F /* ContentView.swift in Sources */,
				EDDF993D26514E9F007D2E0F /* HourStickView.swift in Sources */,
				EDDF992D26512D45007D2E0F /* Analogic_ClockApp.swift in Sources */,
				EDC8DA1E265270220017EFA6 /* InsideCircle.swift in Sources */,
				EDC8DA1826526CDD0017EFA6 /* MinuteStickView.swift in Sources */,
				EDC8DA1B26526D8E0017EFA6 /* SecondStickView.swift in Sources */,
			);
			runOnlyForDeploymentPostprocessing = 0;
		};
/* End PBXSourcesBuildPhase section */

/* Begin XCBuildConfiguration section */
		EDDF993626512D47007D2E0F /* Debug */ = {
			isa = XCBuildConfiguration;
			buildSettings = {
				ALWAYS_SEARCH_USER_PATHS = NO;
				CLANG_ANALYZER_NONNULL = YES;
				CLANG_ANALYZER_NUMBER_OBJECT_CONVERSION = YES_AGGRESSIVE;
				CLANG_CXX_LANGUAGE_STANDARD = "gnu++14";
				CLANG_CXX_LIBRARY = "libc++";
				CLANG_ENABLE_MODULES = YES;
				CLANG_ENABLE_OBJC_ARC = YES;
				CLANG_ENABLE_OBJC_WEAK = YES;
				CLANG_WARN_BLOCK_CAPTURE_AUTORELEASING = YES;
				CLANG_WARN_BOOL_CONVERSION = YES;
				CLANG_WARN_COMMA = YES;
				CLANG_WARN_CONSTANT_CONVERSION = YES;
				CLANG_WARN_DEPRECATED_OBJC_IMPLEMENTATIONS = YES;
				CLANG_WARN_DIRECT_OBJC_ISA_USAGE = YES_ERROR;
				CLANG_WARN_DOCUMENTATION_COMMENTS = YES;
				CLANG_WARN_EMPTY_BODY = YES;
				CLANG_WARN_ENUM_CONVERSION = YES;
				CLANG_WARN_INFINITE_RECURSION = YES;
				CLANG_WARN_INT_CONVERSION = YES;
				CLANG_WARN_NON_LITERAL_NULL_CONVERSION = YES;
				CLANG_WARN_OBJC_IMPLICIT_RETAIN_SELF = YES;
				CLANG_WARN_OBJC_LITERAL_CONVERSION = YES;
				CLANG_WARN_OBJC_ROOT_CLASS = YES_ERROR;
				CLANG_WARN_QUOTED_INCLUDE_IN_FRAMEWORK_HEADER = YES;
				CLANG_WARN_RANGE_LOOP_ANALYSIS = YES;
				CLANG_WARN_STRICT_PROTOTYPES = YES;
				CLANG_WARN_SUSPICIOUS_MOVE = YES;
				CLANG_WARN_UNGUARDED_AVAILABILITY = YES_AGGRESSIVE;
				CLANG_WARN_UNREACHABLE_CODE = YES;
				CLANG_WARN__DUPLICATE_METHOD_MATCH = YES;
				COPY_PHASE_STRIP = NO;
				DEBUG_INFORMATION_FORMAT = dwarf;
				ENABLE_STRICT_OBJC_MSGSEND = YES;
				ENABLE_TESTABILITY = YES;
				GCC_C_LANGUAGE_STANDARD = gnu11;
				GCC_DYNAMIC_NO_PIC = NO;
				GCC_NO_COMMON_BLOCKS = YES;
				GCC_OPTIMIZATION_LEVEL = 0;
				GCC_PREPROCESSOR_DEFINITIONS = (
					"DEBUG=1",
					"$(inherited)",
				);
				GCC_WARN_64_TO_32_BIT_CONVERSION = YES;
				GCC_WARN_ABOUT_RETURN_TYPE = YES_ERROR;
				GCC_WARN_UNDECLARED_SELECTOR = YES;
				GCC_WARN_UNINITIALIZED_AUTOS = YES_AGGRESSIVE;
				GCC_WARN_UNUSED_FUNCTION = YES;
				GCC_WARN_UNUSED_VARIABLE = YES;
				IPHONEOS_DEPLOYMENT_TARGET = 14.2;
				MTL_ENABLE_DEBUG_INFO = INCLUDE_SOURCE;
				MTL_FAST_MATH = YES;
				ONLY_ACTIVE_ARCH = YES;
				SDKROOT = iphoneos;
				SWIFT_ACTIVE_COMPILATION_CONDITIONS = DEBUG;
				SWIFT_OPTIMIZATION_LEVEL = "-Onone";
			};
			name = Debug;
		};
		EDDF993726512D47007D2E0F /* Release */ = {
			isa = XCBuildConfiguration;
			buildSettings = {
				ALWAYS_SEARCH_USER_PATHS = NO;
				CLANG_ANALYZER_NONNULL = YES;
				CLANG_ANALYZER_NUMBER_OBJECT_CONVERSION = YES_AGGRESSIVE;
				CLANG_CXX_LANGUAGE_STANDARD = "gnu++14";
				CLANG_CXX_LIBRARY = "libc++";
				CLANG_ENABLE_MODULES = YES;
				CLANG_ENABLE_OBJC_ARC = YES;
				CLANG_ENABLE_OBJC_WEAK = YES;
				CLANG_WARN_BLOCK_CAPTURE_AUTORELEASING = YES;
				CLANG_WARN_BOOL_CONVERSION = YES;
				CLANG_WARN_COMMA = YES;
				CLANG_WARN_CONSTANT_CONVERSION = YES;
				CLANG_WARN_DEPRECATED_OBJC_IMPLEMENTATIONS = YES;
				CLANG_WARN_DIRECT_OBJC_ISA_USAGE = YES_ERROR;
				CLANG_WARN_DOCUMENTATION_COMMENTS = YES;
				CLANG_WARN_EMPTY_BODY = YES;
				CLANG_WARN_ENUM_CONVERSION = YES;
				CLANG_WARN_INFINITE_RECURSION = YES;
				CLANG_WARN_INT_CONVERSION = YES;
				CLANG_WARN_NON_LITERAL_NULL_CONVERSION = YES;
				CLANG_WARN_OBJC_IMPLICIT_RETAIN_SELF = YES;
				CLANG_WARN_OBJC_LITERAL_CONVERSION = YES;
				CLANG_WARN_OBJC_ROOT_CLASS = YES_ERROR;
				CLANG_WARN_QUOTED_INCLUDE_IN_FRAMEWORK_HEADER = YES;
				CLANG_WARN_RANGE_LOOP_ANALYSIS = YES;
				CLANG_WARN_STRICT_PROTOTYPES = YES;
				CLANG_WARN_SUSPICIOUS_MOVE = YES;
				CLANG_WARN_UNGUARDED_AVAILABILITY = YES_AGGRESSIVE;
				CLANG_WARN_UNREACHABLE_CODE = YES;
				CLANG_WARN__DUPLICATE_METHOD_MATCH = YES;
				COPY_PHASE_STRIP = NO;
				DEBUG_INFORMATION_FORMAT = "dwarf-with-dsym";
				ENABLE_NS_ASSERTIONS = NO;
				ENABLE_STRICT_OBJC_MSGSEND = YES;
				GCC_C_LANGUAGE_STANDARD = gnu11;
				GCC_NO_COMMON_BLOCKS = YES;
				GCC_WARN_64_TO_32_BIT_CONVERSION = YES;
				GCC_WARN_ABOUT_RETURN_TYPE = YES_ERROR;
				GCC_WARN_UNDECLARED_SELECTOR = YES;
				GCC_WARN_UNINITIALIZED_AUTOS = YES_AGGRESSIVE;
				GCC_WARN_UNUSED_FUNCTION = YES;
				GCC_WARN_UNUSED_VARIABLE = YES;
				IPHONEOS_DEPLOYMENT_TARGET = 14.2;
				MTL_ENABLE_DEBUG_INFO = NO;
				MTL_FAST_MATH = YES;
				SDKROOT = iphoneos;
				SWIFT_COMPILATION_MODE = wholemodule;
				SWIFT_OPTIMIZATION_LEVEL = "-O";
				VALIDATE_PRODUCT = YES;
			};
			name = Release;
		};
		EDDF993926512D47007D2E0F /* Debug */ = {
			isa = XCBuildConfiguration;
			buildSettings = {
				ASSETCATALOG_COMPILER_APPICON_NAME = AppIcon;
				ASSETCATALOG_COMPILER_GLOBAL_ACCENT_COLOR_NAME = AccentColor;
				CODE_SIGN_STYLE = Automatic;
				DEVELOPMENT_ASSET_PATHS = "\"Analogic Clock/Preview Content\"";
				DEVELOPMENT_TEAM = PGQ27XQ5YU;
				ENABLE_PREVIEWS = YES;
				INFOPLIST_FILE = "Analogic Clock/Info.plist";
				IPHONEOS_DEPLOYMENT_TARGET = 14.0;
				LD_RUNPATH_SEARCH_PATHS = (
					"$(inherited)",
					"@executable_path/Frameworks",
				);
				PRODUCT_BUNDLE_IDENTIFIER = "go.westcostyle.Analogic-Clock";
				PRODUCT_NAME = "$(TARGET_NAME)";
				SWIFT_VERSION = 5.0;
				TARGETED_DEVICE_FAMILY = "1,2";
			};
			name = Debug;
		};
		EDDF993A26512D47007D2E0F /* Release */ = {
			isa = XCBuildConfiguration;
			buildSettings = {
				ASSETCATALOG_COMPILER_APPICON_NAME = AppIcon;
				ASSETCATALOG_COMPILER_GLOBAL_ACCENT_COLOR_NAME = AccentColor;
				CODE_SIGN_STYLE = Automatic;
				DEVELOPMENT_ASSET_PATHS = "\"Analogic Clock/Preview Content\"";
				DEVELOPMENT_TEAM = PGQ27XQ5YU;
				ENABLE_PREVIEWS = YES;
				INFOPLIST_FILE = "Analogic Clock/Info.plist";
				IPHONEOS_DEPLOYMENT_TARGET = 14.0;
				LD_RUNPATH_SEARCH_PATHS = (
					"$(inherited)",
					"@executable_path/Frameworks",
				);
				PRODUCT_BUNDLE_IDENTIFIER = "go.westcostyle.Analogic-Clock";
				PRODUCT_NAME = "$(TARGET_NAME)";
				SWIFT_VERSION = 5.0;
				TARGETED_DEVICE_FAMILY = "1,2";
			};
			name = Release;
		};
/* End XCBuildConfiguration section */

/* Begin XCConfigurationList section */
		EDDF992426512D45007D2E0F /* Build configuration list for PBXProject "Analogic Clock" */ = {
			isa = XCConfigurationList;
			buildConfigurations = (
				EDDF993626512D47007D2E0F /* Debug */,
				EDDF993726512D47007D2E0F /* Release */,
			);
			defaultConfigurationIsVisible = 0;
			defaultConfigurationName = Release;
		};
		EDDF993826512D47007D2E0F /* Build configuration list for PBXNativeTarget "Analogic Clock" */ = {
			isa = XCConfigurationList;
			buildConfigurations = (
				EDDF993926512D47007D2E0F /* Debug */,
				EDDF993A26512D47007D2E0F /* Release */,
			);
			defaultConfigurationIsVisible = 0;
			defaultConfigurationName = Release;
		};
/* End XCConfigurationList section */
	};
	rootObject = EDDF992126512D45007D2E0F /* Project object */;
}
